// !$*UTF8*$!
{
	archiveVersion = 1;
	classes = {
	};
	objectVersion = 55;
	objects = {

/* Begin PBXBuildFile section */
		3F0DB4CA281BC5BD00AFFE08 /* HomeScreenViewController.swift in Sources */ = {isa = PBXBuildFile; fileRef = 3F0DB4C9281BC5BD00AFFE08 /* HomeScreenViewController.swift */; };
		3F0DB4CD281BDF9D00AFFE08 /* SecretItemViewCell.swift in Sources */ = {isa = PBXBuildFile; fileRef = 3F0DB4CC281BDF9D00AFFE08 /* SecretItemViewCell.swift */; };
		3F666C2D281B0D8C008A74DF /* AppDelegate.swift in Sources */ = {isa = PBXBuildFile; fileRef = 3F666C2C281B0D8C008A74DF /* AppDelegate.swift */; };
		3F666C2F281B0D8C008A74DF /* SceneDelegate.swift in Sources */ = {isa = PBXBuildFile; fileRef = 3F666C2E281B0D8C008A74DF /* SceneDelegate.swift */; };
		3F666C34281B0D8C008A74DF /* Main.storyboard in Resources */ = {isa = PBXBuildFile; fileRef = 3F666C32281B0D8C008A74DF /* Main.storyboard */; };
		3F666C36281B0D8D008A74DF /* Assets.xcassets in Resources */ = {isa = PBXBuildFile; fileRef = 3F666C35281B0D8D008A74DF /* Assets.xcassets */; };
		3F666C39281B0D8D008A74DF /* LaunchScreen.storyboard in Resources */ = {isa = PBXBuildFile; fileRef = 3F666C37281B0D8D008A74DF /* LaunchScreen.storyboard */; };
		3FF8AD1328281A7D005B30A7 /* Spacing.swift in Sources */ = {isa = PBXBuildFile; fileRef = 3FF8AD1228281A7D005B30A7 /* Spacing.swift */; };
		3FF8AD1728281FCB005B30A7 /* MediaDimension.swift in Sources */ = {isa = PBXBuildFile; fileRef = 3FF8AD1628281FCB005B30A7 /* MediaDimension.swift */; };
		3FF8AD1928282A4B005B30A7 /* BorderRadius.swift in Sources */ = {isa = PBXBuildFile; fileRef = 3FF8AD1828282A4B005B30A7 /* BorderRadius.swift */; };
		3FF8AD1D28282AF7005B30A7 /* SecretItemListHeaderViewCell.swift in Sources */ = {isa = PBXBuildFile; fileRef = 3FF8AD1C28282AF7005B30A7 /* SecretItemListHeaderViewCell.swift */; };
		3FF8AD1F282832D9005B30A7 /* FontSize.swift in Sources */ = {isa = PBXBuildFile; fileRef = 3FF8AD1E282832D9005B30A7 /* FontSize.swift */; };
		3FF8AD2128283442005B30A7 /* HexColor.swift in Sources */ = {isa = PBXBuildFile; fileRef = 3FF8AD2028283442005B30A7 /* HexColor.swift */; };
		3FF8AD232828348F005B30A7 /* SecretItemAddButtonViewCell.swift in Sources */ = {isa = PBXBuildFile; fileRef = 3FF8AD222828348F005B30A7 /* SecretItemAddButtonViewCell.swift */; };
		3FF8AD26282844BD005B30A7 /* PinterestLayout.swift in Sources */ = {isa = PBXBuildFile; fileRef = 3FF8AD25282844BD005B30A7 /* PinterestLayout.swift */; };
/* End PBXBuildFile section */

/* Begin PBXFileReference section */
		3F0DB4C9281BC5BD00AFFE08 /* HomeScreenViewController.swift */ = {isa = PBXFileReference; lastKnownFileType = sourcecode.swift; path = HomeScreenViewController.swift; sourceTree = "<group>"; };
		3F0DB4CC281BDF9D00AFFE08 /* SecretItemViewCell.swift */ = {isa = PBXFileReference; lastKnownFileType = sourcecode.swift; path = SecretItemViewCell.swift; sourceTree = "<group>"; };
		3F666C29281B0D8C008A74DF /* The Secret.app */ = {isa = PBXFileReference; explicitFileType = wrapper.application; includeInIndex = 0; path = "The Secret.app"; sourceTree = BUILT_PRODUCTS_DIR; };
		3F666C2C281B0D8C008A74DF /* AppDelegate.swift */ = {isa = PBXFileReference; lastKnownFileType = sourcecode.swift; path = AppDelegate.swift; sourceTree = "<group>"; };
		3F666C2E281B0D8C008A74DF /* SceneDelegate.swift */ = {isa = PBXFileReference; lastKnownFileType = sourcecode.swift; path = SceneDelegate.swift; sourceTree = "<group>"; };
		3F666C33281B0D8C008A74DF /* Base */ = {isa = PBXFileReference; lastKnownFileType = file.storyboard; name = Base; path = Base.lproj/Main.storyboard; sourceTree = "<group>"; };
		3F666C35281B0D8D008A74DF /* Assets.xcassets */ = {isa = PBXFileReference; lastKnownFileType = folder.assetcatalog; path = Assets.xcassets; sourceTree = "<group>"; };
		3F666C38281B0D8D008A74DF /* Base */ = {isa = PBXFileReference; lastKnownFileType = file.storyboard; name = Base; path = Base.lproj/LaunchScreen.storyboard; sourceTree = "<group>"; };
		3F666C3A281B0D8D008A74DF /* Info.plist */ = {isa = PBXFileReference; lastKnownFileType = text.plist.xml; path = Info.plist; sourceTree = "<group>"; };
		3FF8AD1228281A7D005B30A7 /* Spacing.swift */ = {isa = PBXFileReference; lastKnownFileType = sourcecode.swift; path = Spacing.swift; sourceTree = "<group>"; };
		3FF8AD1628281FCB005B30A7 /* MediaDimension.swift */ = {isa = PBXFileReference; lastKnownFileType = sourcecode.swift; path = MediaDimension.swift; sourceTree = "<group>"; };
		3FF8AD1828282A4B005B30A7 /* BorderRadius.swift */ = {isa = PBXFileReference; lastKnownFileType = sourcecode.swift; path = BorderRadius.swift; sourceTree = "<group>"; };
		3FF8AD1C28282AF7005B30A7 /* SecretItemListHeaderViewCell.swift */ = {isa = PBXFileReference; lastKnownFileType = sourcecode.swift; path = SecretItemListHeaderViewCell.swift; sourceTree = "<group>"; };
		3FF8AD1E282832D9005B30A7 /* FontSize.swift */ = {isa = PBXFileReference; lastKnownFileType = sourcecode.swift; path = FontSize.swift; sourceTree = "<group>"; };
		3FF8AD2028283442005B30A7 /* HexColor.swift */ = {isa = PBXFileReference; lastKnownFileType = sourcecode.swift; path = HexColor.swift; sourceTree = "<group>"; };
		3FF8AD222828348F005B30A7 /* SecretItemAddButtonViewCell.swift */ = {isa = PBXFileReference; lastKnownFileType = sourcecode.swift; path = SecretItemAddButtonViewCell.swift; sourceTree = "<group>"; };
		3FF8AD25282844BD005B30A7 /* PinterestLayout.swift */ = {isa = PBXFileReference; lastKnownFileType = sourcecode.swift; path = PinterestLayout.swift; sourceTree = "<group>"; };
/* End PBXFileReference section */

/* Begin PBXFrameworksBuildPhase section */
		3F666C26281B0D8C008A74DF /* Frameworks */ = {
			isa = PBXFrameworksBuildPhase;
			buildActionMask = 2147483647;
			files = (
			);
			runOnlyForDeploymentPostprocessing = 0;
		};
/* End PBXFrameworksBuildPhase section */

/* Begin PBXGroup section */
		3F0DB4CB281BDF8300AFFE08 /* ViewCells */ = {
			isa = PBXGroup;
			children = (
				3F0DB4CC281BDF9D00AFFE08 /* SecretItemViewCell.swift */,
				3FF8AD1C28282AF7005B30A7 /* SecretItemListHeaderViewCell.swift */,
				3FF8AD222828348F005B30A7 /* SecretItemAddButtonViewCell.swift */,
			);
			path = ViewCells;
			sourceTree = "<group>";
		};
		3F666C20281B0D8C008A74DF = {
			isa = PBXGroup;
			children = (
				3F666C2B281B0D8C008A74DF /* The Secret */,
				3F666C2A281B0D8C008A74DF /* Products */,
			);
			sourceTree = "<group>";
		};
		3F666C2A281B0D8C008A74DF /* Products */ = {
			isa = PBXGroup;
			children = (
				3F666C29281B0D8C008A74DF /* The Secret.app */,
			);
			name = Products;
			sourceTree = "<group>";
		};
		3F666C2B281B0D8C008A74DF /* The Secret */ = {
			isa = PBXGroup;
			children = (
				3FF8AD2728284F13005B30A7 /* Models */,
				3FF8AD112828194B005B30A7 /* Constants */,
				3F666C40281B116A008A74DF /* ViewControllers */,
				3F666C2C281B0D8C008A74DF /* AppDelegate.swift */,
				3F666C2E281B0D8C008A74DF /* SceneDelegate.swift */,
				3F666C32281B0D8C008A74DF /* Main.storyboard */,
				3F666C35281B0D8D008A74DF /* Assets.xcassets */,
				3F666C37281B0D8D008A74DF /* LaunchScreen.storyboard */,
				3F666C3A281B0D8D008A74DF /* Info.plist */,
			);
			path = "The Secret";
			sourceTree = "<group>";
		};
		3F666C40281B116A008A74DF /* ViewControllers */ = {
			isa = PBXGroup;
			children = (
				3FF8AD24282844AC005B30A7 /* Layouts */,
				3F0DB4CB281BDF8300AFFE08 /* ViewCells */,
				3F0DB4C9281BC5BD00AFFE08 /* HomeScreenViewController.swift */,
			);
			path = ViewControllers;
			sourceTree = "<group>";
		};
		3FF8AD112828194B005B30A7 /* Constants */ = {
			isa = PBXGroup;
			children = (
				3FF8AD1228281A7D005B30A7 /* Spacing.swift */,
				3FF8AD1628281FCB005B30A7 /* MediaDimension.swift */,
				3FF8AD1828282A4B005B30A7 /* BorderRadius.swift */,
				3FF8AD1E282832D9005B30A7 /* FontSize.swift */,
				3FF8AD2028283442005B30A7 /* HexColor.swift */,
			);
			path = Constants;
			sourceTree = "<group>";
		};
		3FF8AD24282844AC005B30A7 /* Layouts */ = {
			isa = PBXGroup;
			children = (
				3FF8AD25282844BD005B30A7 /* PinterestLayout.swift */,
			);
			path = Layouts;
			sourceTree = "<group>";
		};
		3FF8AD2728284F13005B30A7 /* Models */ = {
			isa = PBXGroup;
			children = (
			);
			path = Models;
			sourceTree = "<group>";
		};
/* End PBXGroup section */

/* Begin PBXNativeTarget section */
		3F666C28281B0D8C008A74DF /* The Secret */ = {
			isa = PBXNativeTarget;
			buildConfigurationList = 3F666C3D281B0D8D008A74DF /* Build configuration list for PBXNativeTarget "The Secret" */;
			buildPhases = (
				3F666C25281B0D8C008A74DF /* Sources */,
				3F666C26281B0D8C008A74DF /* Frameworks */,
				3F666C27281B0D8C008A74DF /* Resources */,
			);
			buildRules = (
			);
			dependencies = (
			);
			name = "The Secret";
			productName = "The Secret";
			productReference = 3F666C29281B0D8C008A74DF /* The Secret.app */;
			productType = "com.apple.product-type.application";
		};
/* End PBXNativeTarget section */

/* Begin PBXProject section */
		3F666C21281B0D8C008A74DF /* Project object */ = {
			isa = PBXProject;
			attributes = {
				BuildIndependentTargetsInParallel = 1;
				LastSwiftUpdateCheck = 1330;
				LastUpgradeCheck = 1330;
				TargetAttributes = {
					3F666C28281B0D8C008A74DF = {
						CreatedOnToolsVersion = 13.3;
					};
				};
			};
			buildConfigurationList = 3F666C24281B0D8C008A74DF /* Build configuration list for PBXProject "The Secret" */;
			compatibilityVersion = "Xcode 13.0";
			developmentRegion = en;
			hasScannedForEncodings = 0;
			knownRegions = (
				en,
				Base,
			);
			mainGroup = 3F666C20281B0D8C008A74DF;
			productRefGroup = 3F666C2A281B0D8C008A74DF /* Products */;
			projectDirPath = "";
			projectRoot = "";
			targets = (
				3F666C28281B0D8C008A74DF /* The Secret */,
			);
		};
/* End PBXProject section */

/* Begin PBXResourcesBuildPhase section */
		3F666C27281B0D8C008A74DF /* Resources */ = {
			isa = PBXResourcesBuildPhase;
			buildActionMask = 2147483647;
			files = (
				3F666C39281B0D8D008A74DF /* LaunchScreen.storyboard in Resources */,
				3F666C36281B0D8D008A74DF /* Assets.xcassets in Resources */,
				3F666C34281B0D8C008A74DF /* Main.storyboard in Resources */,
			);
			runOnlyForDeploymentPostprocessing = 0;
		};
/* End PBXResourcesBuildPhase section */

/* Begin PBXSourcesBuildPhase section */
		3F666C25281B0D8C008A74DF /* Sources */ = {
			isa = PBXSourcesBuildPhase;
			buildActionMask = 2147483647;
			files = (
				3FF8AD26282844BD005B30A7 /* PinterestLayout.swift in Sources */,
				3FF8AD1928282A4B005B30A7 /* BorderRadius.swift in Sources */,
				3FF8AD1F282832D9005B30A7 /* FontSize.swift in Sources */,
				3F666C2D281B0D8C008A74DF /* AppDelegate.swift in Sources */,
				3FF8AD1D28282AF7005B30A7 /* SecretItemListHeaderViewCell.swift in Sources */,
				3FF8AD1728281FCB005B30A7 /* MediaDimension.swift in Sources */,
				3F666C2F281B0D8C008A74DF /* SceneDelegate.swift in Sources */,
				3FF8AD232828348F005B30A7 /* SecretItemAddButtonViewCell.swift in Sources */,
				3FF8AD1328281A7D005B30A7 /* Spacing.swift in Sources */,
				3FF8AD2128283442005B30A7 /* HexColor.swift in Sources */,
				3F0DB4CA281BC5BD00AFFE08 /* HomeScreenViewController.swift in Sources */,
				3F0DB4CD281BDF9D00AFFE08 /* SecretItemViewCell.swift in Sources */,
			);
			runOnlyForDeploymentPostprocessing = 0;
		};
/* End PBXSourcesBuildPhase section */

/* Begin PBXVariantGroup section */
		3F666C32281B0D8C008A74DF /* Main.storyboard */ = {
			isa = PBXVariantGroup;
			children = (
				3F666C33281B0D8C008A74DF /* Base */,
			);
			name = Main.storyboard;
			sourceTree = "<group>";
		};
		3F666C37281B0D8D008A74DF /* LaunchScreen.storyboard */ = {
			isa = PBXVariantGroup;
			children = (
				3F666C38281B0D8D008A74DF /* Base */,
			);
			name = LaunchScreen.storyboard;
			sourceTree = "<group>";
		};
/* End PBXVariantGroup section */

/* Begin XCBuildConfiguration section */
		3F666C3B281B0D8D008A74DF /* Debug */ = {
			isa = XCBuildConfiguration;
			buildSettings = {
				ALWAYS_SEARCH_USER_PATHS = NO;
				CLANG_ANALYZER_NONNULL = YES;
				CLANG_ANALYZER_NUMBER_OBJECT_CONVERSION = YES_AGGRESSIVE;
				CLANG_CXX_LANGUAGE_STANDARD = "gnu++17";
				CLANG_ENABLE_MODULES = YES;
				CLANG_ENABLE_OBJC_ARC = YES;
				CLANG_ENABLE_OBJC_WEAK = YES;
				CLANG_WARN_BLOCK_CAPTURE_AUTORELEASING = YES;
				CLANG_WARN_BOOL_CONVERSION = YES;
				CLANG_WARN_COMMA = YES;
				CLANG_WARN_CONSTANT_CONVERSION = YES;
				CLANG_WARN_DEPRECATED_OBJC_IMPLEMENTATIONS = YES;
				CLANG_WARN_DIRECT_OBJC_ISA_USAGE = YES_ERROR;
				CLANG_WARN_DOCUMENTATION_COMMENTS = YES;
				CLANG_WARN_EMPTY_BODY = YES;
				CLANG_WARN_ENUM_CONVERSION = YES;
				CLANG_WARN_INFINITE_RECURSION = YES;
				CLANG_WARN_INT_CONVERSION = YES;
				CLANG_WARN_NON_LITERAL_NULL_CONVERSION = YES;
				CLANG_WARN_OBJC_IMPLICIT_RETAIN_SELF = YES;
				CLANG_WARN_OBJC_LITERAL_CONVERSION = YES;
				CLANG_WARN_OBJC_ROOT_CLASS = YES_ERROR;
				CLANG_WARN_QUOTED_INCLUDE_IN_FRAMEWORK_HEADER = YES;
				CLANG_WARN_RANGE_LOOP_ANALYSIS = YES;
				CLANG_WARN_STRICT_PROTOTYPES = YES;
				CLANG_WARN_SUSPICIOUS_MOVE = YES;
				CLANG_WARN_UNGUARDED_AVAILABILITY = YES_AGGRESSIVE;
				CLANG_WARN_UNREACHABLE_CODE = YES;
				CLANG_WARN__DUPLICATE_METHOD_MATCH = YES;
				COPY_PHASE_STRIP = NO;
				DEBUG_INFORMATION_FORMAT = dwarf;
				ENABLE_STRICT_OBJC_MSGSEND = YES;
				ENABLE_TESTABILITY = YES;
				GCC_C_LANGUAGE_STANDARD = gnu11;
				GCC_DYNAMIC_NO_PIC = NO;
				GCC_NO_COMMON_BLOCKS = YES;
				GCC_OPTIMIZATION_LEVEL = 0;
				GCC_PREPROCESSOR_DEFINITIONS = (
					"DEBUG=1",
					"$(inherited)",
				);
				GCC_WARN_64_TO_32_BIT_CONVERSION = YES;
				GCC_WARN_ABOUT_RETURN_TYPE = YES_ERROR;
				GCC_WARN_UNDECLARED_SELECTOR = YES;
				GCC_WARN_UNINITIALIZED_AUTOS = YES_AGGRESSIVE;
				GCC_WARN_UNUSED_FUNCTION = YES;
				GCC_WARN_UNUSED_VARIABLE = YES;
				IPHONEOS_DEPLOYMENT_TARGET = 15.4;
				MTL_ENABLE_DEBUG_INFO = INCLUDE_SOURCE;
				MTL_FAST_MATH = YES;
				ONLY_ACTIVE_ARCH = YES;
				SDKROOT = iphoneos;
				SWIFT_ACTIVE_COMPILATION_CONDITIONS = DEBUG;
				SWIFT_OPTIMIZATION_LEVEL = "-Onone";
			};
			name = Debug;
		};
		3F666C3C281B0D8D008A74DF /* Release */ = {
			isa = XCBuildConfiguration;
			buildSettings = {
				ALWAYS_SEARCH_USER_PATHS = NO;
				CLANG_ANALYZER_NONNULL = YES;
				CLANG_ANALYZER_NUMBER_OBJECT_CONVERSION = YES_AGGRESSIVE;
				CLANG_CXX_LANGUAGE_STANDARD = "gnu++17";
				CLANG_ENABLE_MODULES = YES;
				CLANG_ENABLE_OBJC_ARC = YES;
				CLANG_ENABLE_OBJC_WEAK = YES;
				CLANG_WARN_BLOCK_CAPTURE_AUTORELEASING = YES;
				CLANG_WARN_BOOL_CONVERSION = YES;
				CLANG_WARN_COMMA = YES;
				CLANG_WARN_CONSTANT_CONVERSION = YES;
				CLANG_WARN_DEPRECATED_OBJC_IMPLEMENTATIONS = YES;
				CLANG_WARN_DIRECT_OBJC_ISA_USAGE = YES_ERROR;
				CLANG_WARN_DOCUMENTATION_COMMENTS = YES;
				CLANG_WARN_EMPTY_BODY = YES;
				CLANG_WARN_ENUM_CONVERSION = YES;
				CLANG_WARN_INFINITE_RECURSION = YES;
				CLANG_WARN_INT_CONVERSION = YES;
				CLANG_WARN_NON_LITERAL_NULL_CONVERSION = YES;
				CLANG_WARN_OBJC_IMPLICIT_RETAIN_SELF = YES;
				CLANG_WARN_OBJC_LITERAL_CONVERSION = YES;
				CLANG_WARN_OBJC_ROOT_CLASS = YES_ERROR;
				CLANG_WARN_QUOTED_INCLUDE_IN_FRAMEWORK_HEADER = YES;
				CLANG_WARN_RANGE_LOOP_ANALYSIS = YES;
				CLANG_WARN_STRICT_PROTOTYPES = YES;
				CLANG_WARN_SUSPICIOUS_MOVE = YES;
				CLANG_WARN_UNGUARDED_AVAILABILITY = YES_AGGRESSIVE;
				CLANG_WARN_UNREACHABLE_CODE = YES;
				CLANG_WARN__DUPLICATE_METHOD_MATCH = YES;
				COPY_PHASE_STRIP = NO;
				DEBUG_INFORMATION_FORMAT = "dwarf-with-dsym";
				ENABLE_NS_ASSERTIONS = NO;
				ENABLE_STRICT_OBJC_MSGSEND = YES;
				GCC_C_LANGUAGE_STANDARD = gnu11;
				GCC_NO_COMMON_BLOCKS = YES;
				GCC_WARN_64_TO_32_BIT_CONVERSION = YES;
				GCC_WARN_ABOUT_RETURN_TYPE = YES_ERROR;
				GCC_WARN_UNDECLARED_SELECTOR = YES;
				GCC_WARN_UNINITIALIZED_AUTOS = YES_AGGRESSIVE;
				GCC_WARN_UNUSED_FUNCTION = YES;
				GCC_WARN_UNUSED_VARIABLE = YES;
				IPHONEOS_DEPLOYMENT_TARGET = 15.4;
				MTL_ENABLE_DEBUG_INFO = NO;
				MTL_FAST_MATH = YES;
				SDKROOT = iphoneos;
				SWIFT_COMPILATION_MODE = wholemodule;
				SWIFT_OPTIMIZATION_LEVEL = "-O";
				VALIDATE_PRODUCT = YES;
			};
			name = Release;
		};
		3F666C3E281B0D8D008A74DF /* Debug */ = {
			isa = XCBuildConfiguration;
			buildSettings = {
				ASSETCATALOG_COMPILER_APPICON_NAME = AppIcon;
				ASSETCATALOG_COMPILER_GLOBAL_ACCENT_COLOR_NAME = AccentColor;
				CODE_SIGN_STYLE = Automatic;
				CURRENT_PROJECT_VERSION = 1;
				DEVELOPMENT_TEAM = F2ASK9423W;
				GENERATE_INFOPLIST_FILE = YES;
				INFOPLIST_FILE = "The Secret/Info.plist";
				INFOPLIST_KEY_UIApplicationSupportsIndirectInputEvents = YES;
				INFOPLIST_KEY_UILaunchStoryboardName = LaunchScreen;
				INFOPLIST_KEY_UIMainStoryboardFile = Main;
				INFOPLIST_KEY_UISupportedInterfaceOrientations_iPad = "UIInterfaceOrientationPortrait UIInterfaceOrientationPortraitUpsideDown UIInterfaceOrientationLandscapeLeft UIInterfaceOrientationLandscapeRight";
				INFOPLIST_KEY_UISupportedInterfaceOrientations_iPhone = "UIInterfaceOrientationPortrait UIInterfaceOrientationLandscapeLeft UIInterfaceOrientationLandscapeRight";
				LD_RUNPATH_SEARCH_PATHS = (
					"$(inherited)",
					"@executable_path/Frameworks",
				);
				MARKETING_VERSION = 1.0;
				PRODUCT_BUNDLE_IDENTIFIER = "com.appleacademy.galihlprakoso.The-Secret";
				PRODUCT_NAME = "$(TARGET_NAME)";
				SWIFT_EMIT_LOC_STRINGS = YES;
				SWIFT_VERSION = 5.0;
				TARGETED_DEVICE_FAMILY = "1,2";
			};
			name = Debug;
		};
		3F666C3F281B0D8D008A74DF /* Release */ = {
			isa = XCBuildConfiguration;
			buildSettings = {
				ASSETCATALOG_COMPILER_APPICON_NAME = AppIcon;
				ASSETCATALOG_COMPILER_GLOBAL_ACCENT_COLOR_NAME = AccentColor;
				CODE_SIGN_STYLE = Automatic;
				CURRENT_PROJECT_VERSION = 1;
				DEVELOPMENT_TEAM = F2ASK9423W;
				GENERATE_INFOPLIST_FILE = YES;
				INFOPLIST_FILE = "The Secret/Info.plist";
				INFOPLIST_KEY_UIApplicationSupportsIndirectInputEvents = YES;
				INFOPLIST_KEY_UILaunchStoryboardName = LaunchScreen;
				INFOPLIST_KEY_UIMainStoryboardFile = Main;
				INFOPLIST_KEY_UISupportedInterfaceOrientations_iPad = "UIInterfaceOrientationPortrait UIInterfaceOrientationPortraitUpsideDown UIInterfaceOrientationLandscapeLeft UIInterfaceOrientationLandscapeRight";
				INFOPLIST_KEY_UISupportedInterfaceOrientations_iPhone = "UIInterfaceOrientationPortrait UIInterfaceOrientationLandscapeLeft UIInterfaceOrientationLandscapeRight";
				LD_RUNPATH_SEARCH_PATHS = (
					"$(inherited)",
					"@executable_path/Frameworks",
				);
				MARKETING_VERSION = 1.0;
				PRODUCT_BUNDLE_IDENTIFIER = "com.appleacademy.galihlprakoso.The-Secret";
				PRODUCT_NAME = "$(TARGET_NAME)";
				SWIFT_EMIT_LOC_STRINGS = YES;
				SWIFT_VERSION = 5.0;
				TARGETED_DEVICE_FAMILY = "1,2";
			};
			name = Release;
		};
/* End XCBuildConfiguration section */

/* Begin XCConfigurationList section */
		3F666C24281B0D8C008A74DF /* Build configuration list for PBXProject "The Secret" */ = {
			isa = XCConfigurationList;
			buildConfigurations = (
				3F666C3B281B0D8D008A74DF /* Debug */,
				3F666C3C281B0D8D008A74DF /* Release */,
			);
			defaultConfigurationIsVisible = 0;
			defaultConfigurationName = Release;
		};
		3F666C3D281B0D8D008A74DF /* Build configuration list for PBXNativeTarget "The Secret" */ = {
			isa = XCConfigurationList;
			buildConfigurations = (
				3F666C3E281B0D8D008A74DF /* Debug */,
				3F666C3F281B0D8D008A74DF /* Release */,
			);
			defaultConfigurationIsVisible = 0;
			defaultConfigurationName = Release;
		};
/* End XCConfigurationList section */
	};
	rootObject = 3F666C21281B0D8C008A74DF /* Project object */;
}
